{
  "name": "dids",
  "lockfileVersion": 2,
  "requires": true,
  "packages": {
    "": {
      "devDependencies": {
        "@atproto/api": "^0.8.0"
      }
    },
    "node_modules/@atproto/api": {
      "version": "0.8.0",
      "resolved": "https://registry.npmjs.org/@atproto/api/-/api-0.8.0.tgz",
      "integrity": "sha512-FgPOoij/PAEa0YoLKqj5NFYBvysdyb13gtS2XpJOdIvUZ2KehMlTrtj7g0AR78pRfME2jJjIgmAw6qpmSsjSTw==",
      "dev": true,
      "dependencies": {
        "@atproto/common-web": "^0.2.3",
        "@atproto/lexicon": "^0.3.1",
        "@atproto/syntax": "^0.1.5",
        "@atproto/xrpc": "^0.4.1",
        "multiformats": "^9.9.0",
        "tlds": "^1.234.0",
        "typed-emitter": "^2.1.0",
        "zod": "^3.21.4"
      }
    },
    "node_modules/@atproto/common-web": {
      "version": "0.2.3",
      "resolved": "https://registry.npmjs.org/@atproto/common-web/-/common-web-0.2.3.tgz",
      "integrity": "sha512-k9VKGYUqjsRlI3wS31XyCbeb2U7ddS4X/eFgzos2CE5rIbk/uQGyKH+0Jcn1JIwRkvI1BemyNuUVrS8Ok3wiuw==",
      "dev": true,
      "dependencies": {
        "graphemer": "^1.4.0",
        "multiformats": "^9.9.0",
        "uint8arrays": "3.0.0",
        "zod": "^3.21.4"
      }
    },
    "node_modules/@atproto/lexicon": {
      "version": "0.3.1",
      "resolved": "https://registry.npmjs.org/@atproto/lexicon/-/lexicon-0.3.1.tgz",
      "integrity": "sha512-yLy6GUNP4pn0mGUIyUHvN0UeBza0S03AgjTXVR6KliC4ut2+7SjNMe4cI4G1M8/bJMaccC6ooQSm2kvwiOdr3A==",
      "dev": true,
      "dependencies": {
        "@atproto/common-web": "^0.2.3",
        "@atproto/syntax": "^0.1.5",
        "iso-datestring-validator": "^2.2.2",
        "multiformats": "^9.9.0",
        "zod": "^3.21.4"
      }
    },
    "node_modules/@atproto/syntax": {
      "version": "0.1.5",
      "resolved": "https://registry.npmjs.org/@atproto/syntax/-/syntax-0.1.5.tgz",
      "integrity": "sha512-pbY5lOnThoAbsmrdbN9LC/dNmckfqODJiX9zjW2t3BIHYFeGBc6w9bK3Vre8A0Hg8yWkQpv6gaBLu+ykgi2DJQ==",
      "dev": true,
      "dependencies": {
        "@atproto/common-web": "^0.2.3"
      }
    },
    "node_modules/@atproto/xrpc": {
      "version": "0.4.1",
      "resolved": "https://registry.npmjs.org/@atproto/xrpc/-/xrpc-0.4.1.tgz",
      "integrity": "sha512-EMRGiu6oDvFL03Hk2rG/WCL3QK0GjZs9psH80JVf8z2nfdsGON6yn0hw3jvRB26CBXqi58U8Uicyq8Ej5pVTAA==",
      "dev": true,
      "dependencies": {
        "@atproto/lexicon": "^0.3.1",
        "zod": "^3.21.4"
      }
    },
    "node_modules/graphemer": {
      "version": "1.4.0",
      "resolved": "https://registry.npmjs.org/graphemer/-/graphemer-1.4.0.tgz",
      "integrity": "sha512-EtKwoO6kxCL9WO5xipiHTZlSzBm7WLT627TqC/uVRd0HKmq8NXyebnNYxDoBi7wt8eTWrUrKXCOVaFq9x1kgag==",
      "dev": true
    },
    "node_modules/iso-datestring-validator": {
      "version": "2.2.2",
      "resolved": "https://registry.npmjs.org/iso-datestring-validator/-/iso-datestring-validator-2.2.2.tgz",
      "integrity": "sha512-yLEMkBbLZTlVQqOnQ4FiMujR6T4DEcCb1xizmvXS+OxuhwcbtynoosRzdMA69zZCShCNAbi+gJ71FxZBBXx1SA==",
      "dev": true
    },
    "node_modules/multiformats": {
      "version": "9.9.0",
      "resolved": "https://registry.npmjs.org/multiformats/-/multiformats-9.9.0.tgz",
      "integrity": "sha512-HoMUjhH9T8DDBNT+6xzkrd9ga/XiBI4xLr58LJACwK6G3HTOPeMz4nB4KJs33L2BelrIJa7P0VuNaVF3hMYfjg==",
      "dev": true
    },
    "node_modules/rxjs": {
      "version": "7.8.1",
      "resolved": "https://registry.npmjs.org/rxjs/-/rxjs-7.8.1.tgz",
      "integrity": "sha512-AA3TVj+0A2iuIoQkWEK/tqFjBq2j+6PO6Y0zJcvzLAFhEFIO3HL0vls9hWLncZbAAbK0mar7oZ4V079I/qPMxg==",
      "dev": true,
      "optional": true,
      "dependencies": {
        "tslib": "^2.1.0"
      }
    },
    "node_modules/tlds": {
      "version": "1.248.0",
      "resolved": "https://registry.npmjs.org/tlds/-/tlds-1.248.0.tgz",
      "integrity": "sha512-noj0KdpWTBhwsKxMOXk0rN9otg4kTgLm4WohERRHbJ9IY+kSDKr3RmjitaQ3JFzny+DyvBOQKlFZhp0G0qNSfg==",
      "dev": true,
      "bin": {
        "tlds": "bin.js"
      }
    },
    "node_modules/tslib": {
      "version": "2.6.2",
      "resolved": "https://registry.npmjs.org/tslib/-/tslib-2.6.2.tgz",
      "integrity": "sha512-AEYxH93jGFPn/a2iVAwW87VuUIkR1FVUKB77NwMF7nBTDkDrrT/Hpt/IrCJ0QXhW27jTBDcf5ZY7w6RiqTMw2Q==",
      "dev": true,
      "optional": true
    },
    "node_modules/typed-emitter": {
      "version": "2.1.0",
      "resolved": "https://registry.npmjs.org/typed-emitter/-/typed-emitter-2.1.0.tgz",
      "integrity": "sha512-g/KzbYKbH5C2vPkaXGu8DJlHrGKHLsM25Zg9WuC9pMGfuvT+X25tZQWo5fK1BjBm8+UrVE9LDCvaY0CQk+fXDA==",
      "dev": true,
      "optionalDependencies": {
        "rxjs": "*"
      }
    },
    "node_modules/uint8arrays": {
      "version": "3.0.0",
      "resolved": "https://registry.npmjs.org/uint8arrays/-/uint8arrays-3.0.0.tgz",
      "integrity": "sha512-HRCx0q6O9Bfbp+HHSfQQKD7wU70+lydKVt4EghkdOvlK/NlrF90z+eXV34mUd48rNvVJXwkrMSPpCATkct8fJA==",
      "dev": true,
      "dependencies": {
        "multiformats": "^9.4.2"
      }
    },
    "node_modules/zod": {
      "version": "3.22.4",
      "resolved": "https://registry.npmjs.org/zod/-/zod-3.22.4.tgz",
      "integrity": "sha512-iC+8Io04lddc+mVqQ9AZ7OQ2MrUKGN+oIQyq1vemgt46jwCwLfhq7/pwnBnNXXXZb8VTVLKwp9EDkx+ryxIWmg==",
      "dev": true,
      "funding": {
        "url": "https://github.com/sponsors/colinhacks"
      }
    }
  },
  "dependencies": {
    "@atproto/api": {
      "version": "0.8.0",
      "resolved": "https://registry.npmjs.org/@atproto/api/-/api-0.8.0.tgz",
      "integrity": "sha512-FgPOoij/PAEa0YoLKqj5NFYBvysdyb13gtS2XpJOdIvUZ2KehMlTrtj7g0AR78pRfME2jJjIgmAw6qpmSsjSTw==",
      "dev": true,
      "requires": {
        "@atproto/common-web": "^0.2.3",
        "@atproto/lexicon": "^0.3.1",
        "@atproto/syntax": "^0.1.5",
        "@atproto/xrpc": "^0.4.1",
        "multiformats": "^9.9.0",
        "tlds": "^1.234.0",
        "typed-emitter": "^2.1.0",
        "zod": "^3.21.4"
      }
    },
    "@atproto/common-web": {
      "version": "0.2.3",
      "resolved": "https://registry.npmjs.org/@atproto/common-web/-/common-web-0.2.3.tgz",
      "integrity": "sha512-k9VKGYUqjsRlI3wS31XyCbeb2U7ddS4X/eFgzos2CE5rIbk/uQGyKH+0Jcn1JIwRkvI1BemyNuUVrS8Ok3wiuw==",
      "dev": true,
      "requires": {
        "graphemer": "^1.4.0",
        "multiformats": "^9.9.0",
        "uint8arrays": "3.0.0",
        "zod": "^3.21.4"
      }
    },
    "@atproto/lexicon": {
      "version": "0.3.1",
      "resolved": "https://registry.npmjs.org/@atproto/lexicon/-/lexicon-0.3.1.tgz",
      "integrity": "sha512-yLy6GUNP4pn0mGUIyUHvN0UeBza0S03AgjTXVR6KliC4ut2+7SjNMe4cI4G1M8/bJMaccC6ooQSm2kvwiOdr3A==",
      "dev": true,
      "requires": {
        "@atproto/common-web": "^0.2.3",
        "@atproto/syntax": "^0.1.5",
        "iso-datestring-validator": "^2.2.2",
        "multiformats": "^9.9.0",
        "zod": "^3.21.4"
      }
    },
    "@atproto/syntax": {
      "version": "0.1.5",
      "resolved": "https://registry.npmjs.org/@atproto/syntax/-/syntax-0.1.5.tgz",
      "integrity": "sha512-pbY5lOnThoAbsmrdbN9LC/dNmckfqODJiX9zjW2t3BIHYFeGBc6w9bK3Vre8A0Hg8yWkQpv6gaBLu+ykgi2DJQ==",
      "dev": true,
      "requires": {
        "@atproto/common-web": "^0.2.3"
      }
    },
    "@atproto/xrpc": {
      "version": "0.4.1",
      "resolved": "https://registry.npmjs.org/@atproto/xrpc/-/xrpc-0.4.1.tgz",
      "integrity": "sha512-EMRGiu6oDvFL03Hk2rG/WCL3QK0GjZs9psH80JVf8z2nfdsGON6yn0hw3jvRB26CBXqi58U8Uicyq8Ej5pVTAA==",
      "dev": true,
      "requires": {
        "@atproto/lexicon": "^0.3.1",
        "zod": "^3.21.4"
      }
    },
    "graphemer": {
      "version": "1.4.0",
      "resolved": "https://registry.npmjs.org/graphemer/-/graphemer-1.4.0.tgz",
      "integrity": "sha512-EtKwoO6kxCL9WO5xipiHTZlSzBm7WLT627TqC/uVRd0HKmq8NXyebnNYxDoBi7wt8eTWrUrKXCOVaFq9x1kgag==",
      "dev": true
    },
    "iso-datestring-validator": {
      "version": "2.2.2",
      "resolved": "https://registry.npmjs.org/iso-datestring-validator/-/iso-datestring-validator-2.2.2.tgz",
      "integrity": "sha512-yLEMkBbLZTlVQqOnQ4FiMujR6T4DEcCb1xizmvXS+OxuhwcbtynoosRzdMA69zZCShCNAbi+gJ71FxZBBXx1SA==",
      "dev": true
    },
    "multiformats": {
      "version": "9.9.0",
      "resolved": "https://registry.npmjs.org/multiformats/-/multiformats-9.9.0.tgz",
      "integrity": "sha512-HoMUjhH9T8DDBNT+6xzkrd9ga/XiBI4xLr58LJACwK6G3HTOPeMz4nB4KJs33L2BelrIJa7P0VuNaVF3hMYfjg==",
      "dev": true
    },
    "rxjs": {
      "version": "7.8.1",
      "resolved": "https://registry.npmjs.org/rxjs/-/rxjs-7.8.1.tgz",
      "integrity": "sha512-AA3TVj+0A2iuIoQkWEK/tqFjBq2j+6PO6Y0zJcvzLAFhEFIO3HL0vls9hWLncZbAAbK0mar7oZ4V079I/qPMxg==",
      "dev": true,
      "optional": true,
      "requires": {
        "tslib": "^2.1.0"
      }
    },
    "tlds": {
      "version": "1.248.0",
      "resolved": "https://registry.npmjs.org/tlds/-/tlds-1.248.0.tgz",
      "integrity": "sha512-noj0KdpWTBhwsKxMOXk0rN9otg4kTgLm4WohERRHbJ9IY+kSDKr3RmjitaQ3JFzny+DyvBOQKlFZhp0G0qNSfg==",
      "dev": true
    },
    "tslib": {
      "version": "2.6.2",
      "resolved": "https://registry.npmjs.org/tslib/-/tslib-2.6.2.tgz",
      "integrity": "sha512-AEYxH93jGFPn/a2iVAwW87VuUIkR1FVUKB77NwMF7nBTDkDrrT/Hpt/IrCJ0QXhW27jTBDcf5ZY7w6RiqTMw2Q==",
      "dev": true,
      "optional": true
    },
    "typed-emitter": {
      "version": "2.1.0",
      "resolved": "https://registry.npmjs.org/typed-emitter/-/typed-emitter-2.1.0.tgz",
      "integrity": "sha512-g/KzbYKbH5C2vPkaXGu8DJlHrGKHLsM25Zg9WuC9pMGfuvT+X25tZQWo5fK1BjBm8+UrVE9LDCvaY0CQk+fXDA==",
      "dev": true,
      "requires": {
        "rxjs": "*"
      }
    },
    "uint8arrays": {
      "version": "3.0.0",
      "resolved": "https://registry.npmjs.org/uint8arrays/-/uint8arrays-3.0.0.tgz",
      "integrity": "sha512-HRCx0q6O9Bfbp+HHSfQQKD7wU70+lydKVt4EghkdOvlK/NlrF90z+eXV34mUd48rNvVJXwkrMSPpCATkct8fJA==",
      "dev": true,
      "requires": {
        "multiformats": "^9.4.2"
      }
    },
    "zod": {
      "version": "3.22.4",
      "resolved": "https://registry.npmjs.org/zod/-/zod-3.22.4.tgz",
      "integrity": "sha512-iC+8Io04lddc+mVqQ9AZ7OQ2MrUKGN+oIQyq1vemgt46jwCwLfhq7/pwnBnNXXXZb8VTVLKwp9EDkx+ryxIWmg==",
      "dev": true
    }
  }
}
